
Microsoft Visual Studio Solution File, Format Version 12.00
# Visual Studio Version 17
VisualStudioVersion = 17.0.31919.166
MinimumVisualStudioVersion = 10.0.40219.1
Project("{FAE04EC0-301F-11D3-BF4B-00C04F79EFBC}") = "hermes", "hermes\hermes.csproj", "{C98A6762-1FFA-4993-9C60-BE1042B27A31}"
EndProject
Global
	GlobalSection(SolutionConfigurationPlatforms) = preSolution
		Debug|Any CPU = Debug|Any CPU
		Release|Any CPU = Release|Any CPU
	EndGlobalSection
	GlobalSection(ProjectConfigurationPlatforms) = postSolution
		{C98A6762-1FFA-4993-9C60-BE1042B27A31}.Debug|Any CPU.ActiveCfg = Debug|Any CPU
		{C98A6762-1FFA-4993-9C60-BE1042B27A31}.Debug|Any CPU.Build.0 = Debug|Any CPU
		{C98A6762-1FFA-4993-9C60-BE1042B27A31}.Release|Any CPU.ActiveCfg = Release|Any CPU
		{C98A6762-1FFA-4993-9C60-BE1042B27A31}.Release|Any CPU.Build.0 = Release|Any CPU
	EndGlobalSection
	GlobalSection(SolutionProperties) = preSolution
		HideSolutionNode = FALSE
	EndGlobalSection
	GlobalSection(ExtensibilityGlobals) = postSolution
		SolutionGuid = {A8F0E1A0-89FB-4F96-85B9-2514315FDC81}
	EndGlobalSection
EndGlobal
